// !$*UTF8*$!
{
	archiveVersion = 1;
	classes = {
	};
	objectVersion = 55;
	objects = {

/* Begin PBXBuildFile section */
		CC5C47C927CEAB84007C77CD /* FeedView.swift in Sources */ = {isa = PBXBuildFile; fileRef = CC5C47C827CEAB84007C77CD /* FeedView.swift */; };
		CCCC745127D4D64200759110 /* newTweetView.swift in Sources */ = {isa = PBXBuildFile; fileRef = CCCC745027D4D64200759110 /* newTweetView.swift */; };
		CCEBD9B927CD4E9E00F754C2 /* TwitterCloneApp.swift in Sources */ = {isa = PBXBuildFile; fileRef = CCEBD9B827CD4E9E00F754C2 /* TwitterCloneApp.swift */; };
		CCEBD9BB27CD4E9E00F754C2 /* ContentView.swift in Sources */ = {isa = PBXBuildFile; fileRef = CCEBD9BA27CD4E9E00F754C2 /* ContentView.swift */; };
		CCEBD9BD27CD4EA000F754C2 /* Assets.xcassets in Resources */ = {isa = PBXBuildFile; fileRef = CCEBD9BC27CD4EA000F754C2 /* Assets.xcassets */; };
		CCEBD9C027CD4EA000F754C2 /* Preview Assets.xcassets in Resources */ = {isa = PBXBuildFile; fileRef = CCEBD9BF27CD4EA000F754C2 /* Preview Assets.xcassets */; };
		CCEBD9C727CD520200F754C2 /* tweets.json in Resources */ = {isa = PBXBuildFile; fileRef = CCEBD9C627CD520200F754C2 /* tweets.json */; };
		CCEBD9CA27CD534800F754C2 /* tweetsData.swift in Sources */ = {isa = PBXBuildFile; fileRef = CCEBD9C927CD534800F754C2 /* tweetsData.swift */; };
		CCEBD9CC27CD545100F754C2 /* viewTweetModel.swift in Sources */ = {isa = PBXBuildFile; fileRef = CCEBD9CB27CD545100F754C2 /* viewTweetModel.swift */; };
		CCEBD9CE27CD5AB600F754C2 /* feedContentView.swift in Sources */ = {isa = PBXBuildFile; fileRef = CCEBD9CD27CD5AB600F754C2 /* feedContentView.swift */; };
		CCEBD9D227CD624500F754C2 /* TweetRowView.swift in Sources */ = {isa = PBXBuildFile; fileRef = CCEBD9D127CD624500F754C2 /* TweetRowView.swift */; };
/* End PBXBuildFile section */

/* Begin PBXFileReference section */
		CC5C47C827CEAB84007C77CD /* FeedView.swift */ = {isa = PBXFileReference; lastKnownFileType = sourcecode.swift; path = FeedView.swift; sourceTree = "<group>"; };
		CCCC745027D4D64200759110 /* newTweetView.swift */ = {isa = PBXFileReference; lastKnownFileType = sourcecode.swift; path = newTweetView.swift; sourceTree = "<group>"; };
		CCEBD9B527CD4E9E00F754C2 /* TwitterClone.app */ = {isa = PBXFileReference; explicitFileType = wrapper.application; includeInIndex = 0; path = TwitterClone.app; sourceTree = BUILT_PRODUCTS_DIR; };
		CCEBD9B827CD4E9E00F754C2 /* TwitterCloneApp.swift */ = {isa = PBXFileReference; lastKnownFileType = sourcecode.swift; path = TwitterCloneApp.swift; sourceTree = "<group>"; };
		CCEBD9BA27CD4E9E00F754C2 /* ContentView.swift */ = {isa = PBXFileReference; lastKnownFileType = sourcecode.swift; path = ContentView.swift; sourceTree = "<group>"; };
		CCEBD9BC27CD4EA000F754C2 /* Assets.xcassets */ = {isa = PBXFileReference; lastKnownFileType = folder.assetcatalog; path = Assets.xcassets; sourceTree = "<group>"; };
		CCEBD9BF27CD4EA000F754C2 /* Preview Assets.xcassets */ = {isa = PBXFileReference; lastKnownFileType = folder.assetcatalog; path = "Preview Assets.xcassets"; sourceTree = "<group>"; };
		CCEBD9C627CD520200F754C2 /* tweets.json */ = {isa = PBXFileReference; fileEncoding = 4; lastKnownFileType = text.json; path = tweets.json; sourceTree = "<group>"; };
		CCEBD9C927CD534800F754C2 /* tweetsData.swift */ = {isa = PBXFileReference; lastKnownFileType = sourcecode.swift; path = tweetsData.swift; sourceTree = "<group>"; };
		CCEBD9CB27CD545100F754C2 /* viewTweetModel.swift */ = {isa = PBXFileReference; lastKnownFileType = sourcecode.swift; path = viewTweetModel.swift; sourceTree = "<group>"; };
		CCEBD9CD27CD5AB600F754C2 /* feedContentView.swift */ = {isa = PBXFileReference; lastKnownFileType = sourcecode.swift; path = feedContentView.swift; sourceTree = "<group>"; };
		CCEBD9D127CD624500F754C2 /* TweetRowView.swift */ = {isa = PBXFileReference; lastKnownFileType = sourcecode.swift; path = TweetRowView.swift; sourceTree = "<group>"; };
/* End PBXFileReference section */

/* Begin PBXFrameworksBuildPhase section */
		CCEBD9B227CD4E9E00F754C2 /* Frameworks */ = {
			isa = PBXFrameworksBuildPhase;
			buildActionMask = 2147483647;
			files = (
			);
			runOnlyForDeploymentPostprocessing = 0;
		};
/* End PBXFrameworksBuildPhase section */

/* Begin PBXGroup section */
		CC23F95427D0AE6E00CF16BA /* Views */ = {
			isa = PBXGroup;
			children = (
				CCEBD9D127CD624500F754C2 /* TweetRowView.swift */,
				CC5C47C827CEAB84007C77CD /* FeedView.swift */,
				CCEBD9CD27CD5AB600F754C2 /* feedContentView.swift */,
				CCCC745027D4D64200759110 /* newTweetView.swift */,
			);
			path = Views;
			sourceTree = "<group>";
		};
		CCEBD9AC27CD4E9E00F754C2 = {
			isa = PBXGroup;
			children = (
				CCEBD9B727CD4E9E00F754C2 /* TwitterClone */,
				CCEBD9B627CD4E9E00F754C2 /* Products */,
			);
			sourceTree = "<group>";
		};
		CCEBD9B627CD4E9E00F754C2 /* Products */ = {
			isa = PBXGroup;
			children = (
				CCEBD9B527CD4E9E00F754C2 /* TwitterClone.app */,
			);
			name = Products;
			sourceTree = "<group>";
		};
		CCEBD9B727CD4E9E00F754C2 /* TwitterClone */ = {
			isa = PBXGroup;
			children = (
				CCEBD9C827CD52F800F754C2 /* Data */,
				CC23F95427D0AE6E00CF16BA /* Views */,
				CCEBD9BA27CD4E9E00F754C2 /* ContentView.swift */,
				CCEBD9B827CD4E9E00F754C2 /* TwitterCloneApp.swift */,
				CCEBD9BC27CD4EA000F754C2 /* Assets.xcassets */,
				CCEBD9BE27CD4EA000F754C2 /* Preview Content */,
			);
			path = TwitterClone;
			sourceTree = "<group>";
		};
		CCEBD9BE27CD4EA000F754C2 /* Preview Content */ = {
			isa = PBXGroup;
			children = (
				CCEBD9BF27CD4EA000F754C2 /* Preview Assets.xcassets */,
			);
			path = "Preview Content";
			sourceTree = "<group>";
		};
		CCEBD9C827CD52F800F754C2 /* Data */ = {
			isa = PBXGroup;
			children = (
				CCEBD9C627CD520200F754C2 /* tweets.json */,
				CCEBD9C927CD534800F754C2 /* tweetsData.swift */,
				CCEBD9CB27CD545100F754C2 /* viewTweetModel.swift */,
			);
			path = Data;
			sourceTree = "<group>";
		};
/* End PBXGroup section */

/* Begin PBXNativeTarget section */
		CCEBD9B427CD4E9E00F754C2 /* TwitterClone */ = {
			isa = PBXNativeTarget;
			buildConfigurationList = CCEBD9C327CD4EA000F754C2 /* Build configuration list for PBXNativeTarget "TwitterClone" */;
			buildPhases = (
				CCEBD9B127CD4E9E00F754C2 /* Sources */,
				CCEBD9B227CD4E9E00F754C2 /* Frameworks */,
				CCEBD9B327CD4E9E00F754C2 /* Resources */,
			);
			buildRules = (
			);
			dependencies = (
			);
			name = TwitterClone;
			productName = TwitterClone;
			productReference = CCEBD9B527CD4E9E00F754C2 /* TwitterClone.app */;
			productType = "com.apple.product-type.application";
		};
/* End PBXNativeTarget section */

/* Begin PBXProject section */
		CCEBD9AD27CD4E9E00F754C2 /* Project object */ = {
			isa = PBXProject;
			attributes = {
				BuildIndependentTargetsInParallel = 1;
				LastSwiftUpdateCheck = 1320;
				LastUpgradeCheck = 1320;
				TargetAttributes = {
					CCEBD9B427CD4E9E00F754C2 = {
						CreatedOnToolsVersion = 13.2.1;
					};
				};
			};
			buildConfigurationList = CCEBD9B027CD4E9E00F754C2 /* Build configuration list for PBXProject "TwitterClone" */;
			compatibilityVersion = "Xcode 13.0";
			developmentRegion = en;
			hasScannedForEncodings = 0;
			knownRegions = (
				en,
				Base,
			);
			mainGroup = CCEBD9AC27CD4E9E00F754C2;
			productRefGroup = CCEBD9B627CD4E9E00F754C2 /* Products */;
			projectDirPath = "";
			projectRoot = "";
			targets = (
				CCEBD9B427CD4E9E00F754C2 /* TwitterClone */,
			);
		};
/* End PBXProject section */

/* Begin PBXResourcesBuildPhase section */
		CCEBD9B327CD4E9E00F754C2 /* Resources */ = {
			isa = PBXResourcesBuildPhase;
			buildActionMask = 2147483647;
			files = (
				CCEBD9C027CD4EA000F754C2 /* Preview Assets.xcassets in Resources */,
				CCEBD9C727CD520200F754C2 /* tweets.json in Resources */,
				CCEBD9BD27CD4EA000F754C2 /* Assets.xcassets in Resources */,
			);
			runOnlyForDeploymentPostprocessing = 0;
		};
/* End PBXResourcesBuildPhase section */

/* Begin PBXSourcesBuildPhase section */
		CCEBD9B127CD4E9E00F754C2 /* Sources */ = {
			isa = PBXSourcesBuildPhase;
			buildActionMask = 2147483647;
			files = (
				CC5C47C927CEAB84007C77CD /* FeedView.swift in Sources */,
				CCEBD9CC27CD545100F754C2 /* viewTweetModel.swift in Sources */,
				CCEBD9CA27CD534800F754C2 /* tweetsData.swift in Sources */,
				CCEBD9BB27CD4E9E00F754C2 /* ContentView.swift in Sources */,
				CCEBD9B927CD4E9E00F754C2 /* TwitterCloneApp.swift in Sources */,
				CCCC745127D4D64200759110 /* newTweetView.swift in Sources */,
				CCEBD9CE27CD5AB600F754C2 /* feedContentView.swift in Sources */,
				CCEBD9D227CD624500F754C2 /* TweetRowView.swift in Sources */,
			);
			runOnlyForDeploymentPostprocessing = 0;
		};
/* End PBXSourcesBuildPhase section */

/* Begin XCBuildConfiguration section */
		CCEBD9C127CD4EA000F754C2 /* Debug */ = {
			isa = XCBuildConfiguration;
			buildSettings = {
				ALWAYS_SEARCH_USER_PATHS = NO;
				CLANG_ANALYZER_NONNULL = YES;
				CLANG_ANALYZER_NUMBER_OBJECT_CONVERSION = YES_AGGRESSIVE;
				CLANG_CXX_LANGUAGE_STANDARD = "gnu++17";
				CLANG_CXX_LIBRARY = "libc++";
				CLANG_ENABLE_MODULES = YES;
				CLANG_ENABLE_OBJC_ARC = YES;
				CLANG_ENABLE_OBJC_WEAK = YES;
				CLANG_WARN_BLOCK_CAPTURE_AUTORELEASING = YES;
				CLANG_WARN_BOOL_CONVERSION = YES;
				CLANG_WARN_COMMA = YES;
				CLANG_WARN_CONSTANT_CONVERSION = YES;
				CLANG_WARN_DEPRECATED_OBJC_IMPLEMENTATIONS = YES;
				CLANG_WARN_DIRECT_OBJC_ISA_USAGE = YES_ERROR;
				CLANG_WARN_DOCUMENTATION_COMMENTS = YES;
				CLANG_WARN_EMPTY_BODY = YES;
				CLANG_WARN_ENUM_CONVERSION = YES;
				CLANG_WARN_INFINITE_RECURSION = YES;
				CLANG_WARN_INT_CONVERSION = YES;
				CLANG_WARN_NON_LITERAL_NULL_CONVERSION = YES;
				CLANG_WARN_OBJC_IMPLICIT_RETAIN_SELF = YES;
				CLANG_WARN_OBJC_LITERAL_CONVERSION = YES;
				CLANG_WARN_OBJC_ROOT_CLASS = YES_ERROR;
				CLANG_WARN_QUOTED_INCLUDE_IN_FRAMEWORK_HEADER = YES;
				CLANG_WARN_RANGE_LOOP_ANALYSIS = YES;
				CLANG_WARN_STRICT_PROTOTYPES = YES;
				CLANG_WARN_SUSPICIOUS_MOVE = YES;
				CLANG_WARN_UNGUARDED_AVAILABILITY = YES_AGGRESSIVE;
				CLANG_WARN_UNREACHABLE_CODE = YES;
				CLANG_WARN__DUPLICATE_METHOD_MATCH = YES;
				COPY_PHASE_STRIP = NO;
				DEBUG_INFORMATION_FORMAT = dwarf;
				ENABLE_STRICT_OBJC_MSGSEND = YES;
				ENABLE_TESTABILITY = YES;
				GCC_C_LANGUAGE_STANDARD = gnu11;
				GCC_DYNAMIC_NO_PIC = NO;
				GCC_NO_COMMON_BLOCKS = YES;
				GCC_OPTIMIZATION_LEVEL = 0;
				GCC_PREPROCESSOR_DEFINITIONS = (
					"DEBUG=1",
					"$(inherited)",
				);
				GCC_WARN_64_TO_32_BIT_CONVERSION = YES;
				GCC_WARN_ABOUT_RETURN_TYPE = YES_ERROR;
				GCC_WARN_UNDECLARED_SELECTOR = YES;
				GCC_WARN_UNINITIALIZED_AUTOS = YES_AGGRESSIVE;
				GCC_WARN_UNUSED_FUNCTION = YES;
				GCC_WARN_UNUSED_VARIABLE = YES;
				IPHONEOS_DEPLOYMENT_TARGET = 15.2;
				MTL_ENABLE_DEBUG_INFO = INCLUDE_SOURCE;
				MTL_FAST_MATH = YES;
				ONLY_ACTIVE_ARCH = YES;
				SDKROOT = iphoneos;
				SWIFT_ACTIVE_COMPILATION_CONDITIONS = DEBUG;
				SWIFT_OPTIMIZATION_LEVEL = "-Onone";
			};
			name = Debug;
		};
		CCEBD9C227CD4EA000F754C2 /* Release */ = {
			isa = XCBuildConfiguration;
			buildSettings = {
				ALWAYS_SEARCH_USER_PATHS = NO;
				CLANG_ANALYZER_NONNULL = YES;
				CLANG_ANALYZER_NUMBER_OBJECT_CONVERSION = YES_AGGRESSIVE;
				CLANG_CXX_LANGUAGE_STANDARD = "gnu++17";
				CLANG_CXX_LIBRARY = "libc++";
				CLANG_ENABLE_MODULES = YES;
				CLANG_ENABLE_OBJC_ARC = YES;
				CLANG_ENABLE_OBJC_WEAK = YES;
				CLANG_WARN_BLOCK_CAPTURE_AUTORELEASING = YES;
				CLANG_WARN_BOOL_CONVERSION = YES;
				CLANG_WARN_COMMA = YES;
				CLANG_WARN_CONSTANT_CONVERSION = YES;
				CLANG_WARN_DEPRECATED_OBJC_IMPLEMENTATIONS = YES;
				CLANG_WARN_DIRECT_OBJC_ISA_USAGE = YES_ERROR;
				CLANG_WARN_DOCUMENTATION_COMMENTS = YES;
				CLANG_WARN_EMPTY_BODY = YES;
				CLANG_WARN_ENUM_CONVERSION = YES;
				CLANG_WARN_INFINITE_RECURSION = YES;
				CLANG_WARN_INT_CONVERSION = YES;
				CLANG_WARN_NON_LITERAL_NULL_CONVERSION = YES;
				CLANG_WARN_OBJC_IMPLICIT_RETAIN_SELF = YES;
				CLANG_WARN_OBJC_LITERAL_CONVERSION = YES;
				CLANG_WARN_OBJC_ROOT_CLASS = YES_ERROR;
				CLANG_WARN_QUOTED_INCLUDE_IN_FRAMEWORK_HEADER = YES;
				CLANG_WARN_RANGE_LOOP_ANALYSIS = YES;
				CLANG_WARN_STRICT_PROTOTYPES = YES;
				CLANG_WARN_SUSPICIOUS_MOVE = YES;
				CLANG_WARN_UNGUARDED_AVAILABILITY = YES_AGGRESSIVE;
				CLANG_WARN_UNREACHABLE_CODE = YES;
				CLANG_WARN__DUPLICATE_METHOD_MATCH = YES;
				COPY_PHASE_STRIP = NO;
				DEBUG_INFORMATION_FORMAT = "dwarf-with-dsym";
				ENABLE_NS_ASSERTIONS = NO;
				ENABLE_STRICT_OBJC_MSGSEND = YES;
				GCC_C_LANGUAGE_STANDARD = gnu11;
				GCC_NO_COMMON_BLOCKS = YES;
				GCC_WARN_64_TO_32_BIT_CONVERSION = YES;
				GCC_WARN_ABOUT_RETURN_TYPE = YES_ERROR;
				GCC_WARN_UNDECLARED_SELECTOR = YES;
				GCC_WARN_UNINITIALIZED_AUTOS = YES_AGGRESSIVE;
				GCC_WARN_UNUSED_FUNCTION = YES;
				GCC_WARN_UNUSED_VARIABLE = YES;
				IPHONEOS_DEPLOYMENT_TARGET = 15.2;
				MTL_ENABLE_DEBUG_INFO = NO;
				MTL_FAST_MATH = YES;
				SDKROOT = iphoneos;
				SWIFT_COMPILATION_MODE = wholemodule;
				SWIFT_OPTIMIZATION_LEVEL = "-O";
				VALIDATE_PRODUCT = YES;
			};
			name = Release;
		};
		CCEBD9C427CD4EA000F754C2 /* Debug */ = {
			isa = XCBuildConfiguration;
			buildSettings = {
				ASSETCATALOG_COMPILER_APPICON_NAME = AppIcon;
				ASSETCATALOG_COMPILER_GLOBAL_ACCENT_COLOR_NAME = AccentColor;
				CODE_SIGN_STYLE = Automatic;
				CURRENT_PROJECT_VERSION = 1;
				DEVELOPMENT_ASSET_PATHS = "\"TwitterClone/Preview Content\"";
				DEVELOPMENT_TEAM = 2BTN3EQ3QP;
				ENABLE_PREVIEWS = YES;
				GENERATE_INFOPLIST_FILE = YES;
				INFOPLIST_KEY_UIApplicationSceneManifest_Generation = YES;
				INFOPLIST_KEY_UIApplicationSupportsIndirectInputEvents = YES;
				INFOPLIST_KEY_UILaunchScreen_Generation = YES;
				INFOPLIST_KEY_UISupportedInterfaceOrientations_iPad = "UIInterfaceOrientationPortrait UIInterfaceOrientationPortraitUpsideDown UIInterfaceOrientationLandscapeLeft UIInterfaceOrientationLandscapeRight";
				INFOPLIST_KEY_UISupportedInterfaceOrientations_iPhone = "UIInterfaceOrientationPortrait UIInterfaceOrientationLandscapeLeft UIInterfaceOrientationLandscapeRight";
				LD_RUNPATH_SEARCH_PATHS = (
					"$(inherited)",
					"@executable_path/Frameworks",
				);
				MARKETING_VERSION = 1.0;
				PRODUCT_BUNDLE_IDENTIFIER = com.GeorgeLoulakis.TwitterClone;
				PRODUCT_NAME = "$(TARGET_NAME)";
				SWIFT_EMIT_LOC_STRINGS = YES;
				SWIFT_VERSION = 5.0;
				TARGETED_DEVICE_FAMILY = "1,2";
			};
			name = Debug;
		};
		CCEBD9C527CD4EA000F754C2 /* Release */ = {
			isa = XCBuildConfiguration;
			buildSettings = {
				ASSETCATALOG_COMPILER_APPICON_NAME = AppIcon;
				ASSETCATALOG_COMPILER_GLOBAL_ACCENT_COLOR_NAME = AccentColor;
				CODE_SIGN_STYLE = Automatic;
				CURRENT_PROJECT_VERSION = 1;
				DEVELOPMENT_ASSET_PATHS = "\"TwitterClone/Preview Content\"";
				DEVELOPMENT_TEAM = 2BTN3EQ3QP;
				ENABLE_PREVIEWS = YES;
				GENERATE_INFOPLIST_FILE = YES;
				INFOPLIST_KEY_UIApplicationSceneManifest_Generation = YES;
				INFOPLIST_KEY_UIApplicationSupportsIndirectInputEvents = YES;
				INFOPLIST_KEY_UILaunchScreen_Generation = YES;
				INFOPLIST_KEY_UISupportedInterfaceOrientations_iPad = "UIInterfaceOrientationPortrait UIInterfaceOrientationPortraitUpsideDown UIInterfaceOrientationLandscapeLeft UIInterfaceOrientationLandscapeRight";
				INFOPLIST_KEY_UISupportedInterfaceOrientations_iPhone = "UIInterfaceOrientationPortrait UIInterfaceOrientationLandscapeLeft UIInterfaceOrientationLandscapeRight";
				LD_RUNPATH_SEARCH_PATHS = (
					"$(inherited)",
					"@executable_path/Frameworks",
				);
				MARKETING_VERSION = 1.0;
				PRODUCT_BUNDLE_IDENTIFIER = com.GeorgeLoulakis.TwitterClone;
				PRODUCT_NAME = "$(TARGET_NAME)";
				SWIFT_EMIT_LOC_STRINGS = YES;
				SWIFT_VERSION = 5.0;
				TARGETED_DEVICE_FAMILY = "1,2";
			};
			name = Release;
		};
/* End XCBuildConfiguration section */

/* Begin XCConfigurationList section */
		CCEBD9B027CD4E9E00F754C2 /* Build configuration list for PBXProject "TwitterClone" */ = {
			isa = XCConfigurationList;
			buildConfigurations = (
				CCEBD9C127CD4EA000F754C2 /* Debug */,
				CCEBD9C227CD4EA000F754C2 /* Release */,
			);
			defaultConfigurationIsVisible = 0;
			defaultConfigurationName = Release;
		};
		CCEBD9C327CD4EA000F754C2 /* Build configuration list for PBXNativeTarget "TwitterClone" */ = {
			isa = XCConfigurationList;
			buildConfigurations = (
				CCEBD9C427CD4EA000F754C2 /* Debug */,
				CCEBD9C527CD4EA000F754C2 /* Release */,
			);
			defaultConfigurationIsVisible = 0;
			defaultConfigurationName = Release;
		};
/* End XCConfigurationList section */
	};
	rootObject = CCEBD9AD27CD4E9E00F754C2 /* Project object */;
}
